// !$*UTF8*$!
{
	archiveVersion = 1;
	classes = {
	};
	objectVersion = 48;
	objects = {

/* Begin PBXBuildFile section */
		3B1515AC1772098B23171542 /* Pods_Tik_Talk.framework in Frameworks */ = {isa = PBXBuildFile; fileRef = CC59A7F1A8B26F34EFA2E60D /* Pods_Tik_Talk.framework */; };
		65E3C6059CE56AB44B52922F /* Pods_Tik_TalkUITests.framework in Frameworks */ = {isa = PBXBuildFile; fileRef = EE5E612CC6DCAFAEC6243941 /* Pods_Tik_TalkUITests.framework */; };
		8B0AB6171FAF7D8A00B43B37 /* AppDelegate.swift in Sources */ = {isa = PBXBuildFile; fileRef = 8B0AB6161FAF7D8A00B43B37 /* AppDelegate.swift */; };
		8B0AB6191FAF7D8A00B43B37 /* TimelineViewController.swift in Sources */ = {isa = PBXBuildFile; fileRef = 8B0AB6181FAF7D8A00B43B37 /* TimelineViewController.swift */; };
		8B0AB61B1FAF7D8A00B43B37 /* CreatePostViewController.swift in Sources */ = {isa = PBXBuildFile; fileRef = 8B0AB61A1FAF7D8A00B43B37 /* CreatePostViewController.swift */; };
		8B0AB61E1FAF7D8A00B43B37 /* Main.storyboard in Resources */ = {isa = PBXBuildFile; fileRef = 8B0AB61C1FAF7D8A00B43B37 /* Main.storyboard */; };
		8B0AB6201FAF7D8A00B43B37 /* Assets.xcassets in Resources */ = {isa = PBXBuildFile; fileRef = 8B0AB61F1FAF7D8A00B43B37 /* Assets.xcassets */; };
		8B0AB6231FAF7D8A00B43B37 /* LaunchScreen.storyboard in Resources */ = {isa = PBXBuildFile; fileRef = 8B0AB6211FAF7D8A00B43B37 /* LaunchScreen.storyboard */; };
		8B0AB62E1FAF7D8A00B43B37 /* Tik_TalkTests.swift in Sources */ = {isa = PBXBuildFile; fileRef = 8B0AB62D1FAF7D8A00B43B37 /* Tik_TalkTests.swift */; };
		8B0AB6391FAF7D8A00B43B37 /* Tik_TalkUITests.swift in Sources */ = {isa = PBXBuildFile; fileRef = 8B0AB6381FAF7D8A00B43B37 /* Tik_TalkUITests.swift */; };
		8B0AB6471FAF823700B43B37 /* Post.swift in Sources */ = {isa = PBXBuildFile; fileRef = 8B0AB6461FAF823700B43B37 /* Post.swift */; };
		8B0AB6491FAF83D000B43B37 /* Helpers.swift in Sources */ = {isa = PBXBuildFile; fileRef = 8B0AB6481FAF83D000B43B37 /* Helpers.swift */; };
		8B2503961FAF91CB00117288 /* User.swift in Sources */ = {isa = PBXBuildFile; fileRef = 8B2503951FAF91CB00117288 /* User.swift */; };
		8B2503981FAF93D800117288 /* Group.swift in Sources */ = {isa = PBXBuildFile; fileRef = 8B2503971FAF93D800117288 /* Group.swift */; };
		8B4981CF1FC0A956001F6379 /* Firestore.swift in Sources */ = {isa = PBXBuildFile; fileRef = 8B4981CE1FC0A956001F6379 /* Firestore.swift */; };
		8B4FEED21FC151D4000CFA48 /* AccountViewController.swift in Sources */ = {isa = PBXBuildFile; fileRef = 8B4FEED11FC151D4000CFA48 /* AccountViewController.swift */; };
		8B4FEED41FC2015E000CFA48 /* FriendsViewController.swift in Sources */ = {isa = PBXBuildFile; fileRef = 8B4FEED31FC2015E000CFA48 /* FriendsViewController.swift */; };
		8B4FEED61FC20D6A000CFA48 /* PostsViewController.swift in Sources */ = {isa = PBXBuildFile; fileRef = 8B4FEED51FC20D6A000CFA48 /* PostsViewController.swift */; };
		8B4FEED81FC35D52000CFA48 /* Cloud.swift in Sources */ = {isa = PBXBuildFile; fileRef = 8B4FEED71FC35D52000CFA48 /* Cloud.swift */; };
		8B4FEEDA1FC37713000CFA48 /* Cloud+Posts.swift in Sources */ = {isa = PBXBuildFile; fileRef = 8B4FEED91FC37713000CFA48 /* Cloud+Posts.swift */; };
		8B4FEEDC1FC37741000CFA48 /* Cloud+Users.swift in Sources */ = {isa = PBXBuildFile; fileRef = 8B4FEEDB1FC37741000CFA48 /* Cloud+Users.swift */; };
		8B4FEEDE1FC3775C000CFA48 /* Cloud+Votes.swift in Sources */ = {isa = PBXBuildFile; fileRef = 8B4FEEDD1FC3775C000CFA48 /* Cloud+Votes.swift */; };
		8B4FEEE01FC37A8B000CFA48 /* Cloud+Groups.swift in Sources */ = {isa = PBXBuildFile; fileRef = 8B4FEEDF1FC37A8B000CFA48 /* Cloud+Groups.swift */; };
		8B86BB441FEADD090077F8CC /* Friend.swift in Sources */ = {isa = PBXBuildFile; fileRef = 8B86BB431FEADD090077F8CC /* Friend.swift */; };
		8B86BB461FEB14830077F8CC /* Conversation.swift in Sources */ = {isa = PBXBuildFile; fileRef = 8B86BB451FEB14830077F8CC /* Conversation.swift */; };
		8B86BB481FEB16F60077F8CC /* Cloud+Conversation.swift in Sources */ = {isa = PBXBuildFile; fileRef = 8B86BB471FEB16F60077F8CC /* Cloud+Conversation.swift */; };
		8B86BB4A1FEB19790077F8CC /* Message.swift in Sources */ = {isa = PBXBuildFile; fileRef = 8B86BB491FEB19790077F8CC /* Message.swift */; };
		8B86BB4C1FEB1ABB0077F8CC /* Cloud+Messages.swift in Sources */ = {isa = PBXBuildFile; fileRef = 8B86BB4B1FEB1ABB0077F8CC /* Cloud+Messages.swift */; };
		8B86BB4E1FEB217A0077F8CC /* ConversationsViewController..swift in Sources */ = {isa = PBXBuildFile; fileRef = 8B86BB4D1FEB217A0077F8CC /* ConversationsViewController..swift */; };
		8B86BB501FEB34940077F8CC /* MessagesViewController.swift in Sources */ = {isa = PBXBuildFile; fileRef = 8B86BB4F1FEB34940077F8CC /* MessagesViewController.swift */; };
		8B86BB521FEB4FE80077F8CC /* MessageTableViewCell.swift in Sources */ = {isa = PBXBuildFile; fileRef = 8B86BB511FEB4FE80077F8CC /* MessageTableViewCell.swift */; };
		8B86BB541FEC14C30077F8CC /* AddRecipientsViewController.swift in Sources */ = {isa = PBXBuildFile; fileRef = 8B86BB531FEC14C30077F8CC /* AddRecipientsViewController.swift */; };
		8B9519B11FBA46B700DFEEE4 /* PostTableViewCell.swift in Sources */ = {isa = PBXBuildFile; fileRef = 8B9519B01FBA46B700DFEEE4 /* PostTableViewCell.swift */; };
		8B9519B31FBA46DB00DFEEE4 /* PostTableViewCell.xib in Resources */ = {isa = PBXBuildFile; fileRef = 8B9519B21FBA46DB00DFEEE4 /* PostTableViewCell.xib */; };
		8BAFA4561FB7D36F00B4100E /* GoogleService-Info.plist in Resources */ = {isa = PBXBuildFile; fileRef = 8BAFA4551FB7D36F00B4100E /* GoogleService-Info.plist */; };
		8BAFA4581FB7DBBE00B4100E /* SignUpViewController.swift in Sources */ = {isa = PBXBuildFile; fileRef = 8BAFA4571FB7DBBE00B4100E /* SignUpViewController.swift */; };
		8BB26FB31FC4B2E400492587 /* Model.swift in Sources */ = {isa = PBXBuildFile; fileRef = 8BB26FB21FC4B2E400492587 /* Model.swift */; };
		8BB26FB81FC4B92A00492587 /* Configuration.swift in Sources */ = {isa = PBXBuildFile; fileRef = 8BB26FB71FC4B92A00492587 /* Configuration.swift */; };
		8BB3E19D1FEE0898009FB793 /* SignUp.storyboard in Resources */ = {isa = PBXBuildFile; fileRef = 8BB3E19C1FEE0898009FB793 /* SignUp.storyboard */; };
		8BB3E19F1FEE1113009FB793 /* ProfileUpdateViewController.swift in Sources */ = {isa = PBXBuildFile; fileRef = 8BB3E19E1FEE1113009FB793 /* ProfileUpdateViewController.swift */; };
		8BB3E1A11FEEBE86009FB793 /* SignInViewController.swift in Sources */ = {isa = PBXBuildFile; fileRef = 8BB3E1A01FEEBE86009FB793 /* SignInViewController.swift */; };
		8BC0CD4B1FBE338E005DFF36 /* Podfile in Resources */ = {isa = PBXBuildFile; fileRef = 8BC0CD4A1FBE338E005DFF36 /* Podfile */; };
		8BEE85951FE975EF00BD30F2 /* Cloud+FriendRequests.swift in Sources */ = {isa = PBXBuildFile; fileRef = 8BEE85941FE975EF00BD30F2 /* Cloud+FriendRequests.swift */; };
		8BEE85971FE977C900BD30F2 /* FriendRequest.swift in Sources */ = {isa = PBXBuildFile; fileRef = 8BEE85961FE977C900BD30F2 /* FriendRequest.swift */; };
		8BF13CDC1FE44ABA00F08854 /* CreateGroupViewController.swift in Sources */ = {isa = PBXBuildFile; fileRef = 8BF13CDB1FE44ABA00F08854 /* CreateGroupViewController.swift */; };
		8BF13CDE1FE46EFE00F08854 /* SearchViewController.swift in Sources */ = {isa = PBXBuildFile; fileRef = 8BF13CDD1FE46EFE00F08854 /* SearchViewController.swift */; };
		8BF7CD991FB8C11200F90626 /* Storage.swift in Sources */ = {isa = PBXBuildFile; fileRef = 8BF7CD981FB8C11200F90626 /* Storage.swift */; };
		F7F6F87729D1C0E74564A224 /* Pods_Tik_TalkTests.framework in Frameworks */ = {isa = PBXBuildFile; fileRef = B127E6280EF3CE491AEA7E4A /* Pods_Tik_TalkTests.framework */; };
/* End PBXBuildFile section */

/* Begin PBXContainerItemProxy section */
		8B0AB62A1FAF7D8A00B43B37 /* PBXContainerItemProxy */ = {
			isa = PBXContainerItemProxy;
			containerPortal = 8B0AB60B1FAF7D8A00B43B37 /* Project object */;
			proxyType = 1;
			remoteGlobalIDString = 8B0AB6121FAF7D8A00B43B37;
			remoteInfo = "Tik Talk";
		};
		8B0AB6351FAF7D8A00B43B37 /* PBXContainerItemProxy */ = {
			isa = PBXContainerItemProxy;
			containerPortal = 8B0AB60B1FAF7D8A00B43B37 /* Project object */;
			proxyType = 1;
			remoteGlobalIDString = 8B0AB6121FAF7D8A00B43B37;
			remoteInfo = "Tik Talk";
		};
/* End PBXContainerItemProxy section */

/* Begin PBXFileReference section */
		11E14CDF9D4E9681B9A54EA6 /* Pods-Tik TalkUITests.debug.xcconfig */ = {isa = PBXFileReference; includeInIndex = 1; lastKnownFileType = text.xcconfig; name = "Pods-Tik TalkUITests.debug.xcconfig"; path = "Pods/Target Support Files/Pods-Tik TalkUITests/Pods-Tik TalkUITests.debug.xcconfig"; sourceTree = "<group>"; };
		2BD41C9EF36F160DBC9FC68A /* Pods-Tik TalkTests.debug.xcconfig */ = {isa = PBXFileReference; includeInIndex = 1; lastKnownFileType = text.xcconfig; name = "Pods-Tik TalkTests.debug.xcconfig"; path = "Pods/Target Support Files/Pods-Tik TalkTests/Pods-Tik TalkTests.debug.xcconfig"; sourceTree = "<group>"; };
		4982F8AFB516734E36F2B19D /* Pods-Tik Talk.debug.xcconfig */ = {isa = PBXFileReference; includeInIndex = 1; lastKnownFileType = text.xcconfig; name = "Pods-Tik Talk.debug.xcconfig"; path = "Pods/Target Support Files/Pods-Tik Talk/Pods-Tik Talk.debug.xcconfig"; sourceTree = "<group>"; };
		8B0AB6131FAF7D8A00B43B37 /* Tik Talk.app */ = {isa = PBXFileReference; explicitFileType = wrapper.application; includeInIndex = 0; path = "Tik Talk.app"; sourceTree = BUILT_PRODUCTS_DIR; };
		8B0AB6161FAF7D8A00B43B37 /* AppDelegate.swift */ = {isa = PBXFileReference; lastKnownFileType = sourcecode.swift; path = AppDelegate.swift; sourceTree = "<group>"; };
		8B0AB6181FAF7D8A00B43B37 /* TimelineViewController.swift */ = {isa = PBXFileReference; lastKnownFileType = sourcecode.swift; path = TimelineViewController.swift; sourceTree = "<group>"; };
		8B0AB61A1FAF7D8A00B43B37 /* CreatePostViewController.swift */ = {isa = PBXFileReference; lastKnownFileType = sourcecode.swift; path = CreatePostViewController.swift; sourceTree = "<group>"; };
		8B0AB61D1FAF7D8A00B43B37 /* Base */ = {isa = PBXFileReference; lastKnownFileType = file.storyboard; name = Base; path = Base.lproj/Main.storyboard; sourceTree = "<group>"; };
		8B0AB61F1FAF7D8A00B43B37 /* Assets.xcassets */ = {isa = PBXFileReference; lastKnownFileType = folder.assetcatalog; path = Assets.xcassets; sourceTree = "<group>"; };
		8B0AB6221FAF7D8A00B43B37 /* Base */ = {isa = PBXFileReference; lastKnownFileType = file.storyboard; name = Base; path = Base.lproj/LaunchScreen.storyboard; sourceTree = "<group>"; };
		8B0AB6241FAF7D8A00B43B37 /* Info.plist */ = {isa = PBXFileReference; lastKnownFileType = text.plist.xml; path = Info.plist; sourceTree = "<group>"; };
		8B0AB6291FAF7D8A00B43B37 /* Tik TalkTests.xctest */ = {isa = PBXFileReference; explicitFileType = wrapper.cfbundle; includeInIndex = 0; path = "Tik TalkTests.xctest"; sourceTree = BUILT_PRODUCTS_DIR; };
		8B0AB62D1FAF7D8A00B43B37 /* Tik_TalkTests.swift */ = {isa = PBXFileReference; lastKnownFileType = sourcecode.swift; path = Tik_TalkTests.swift; sourceTree = "<group>"; };
		8B0AB62F1FAF7D8A00B43B37 /* Info.plist */ = {isa = PBXFileReference; lastKnownFileType = text.plist.xml; path = Info.plist; sourceTree = "<group>"; };
		8B0AB6341FAF7D8A00B43B37 /* Tik TalkUITests.xctest */ = {isa = PBXFileReference; explicitFileType = wrapper.cfbundle; includeInIndex = 0; path = "Tik TalkUITests.xctest"; sourceTree = BUILT_PRODUCTS_DIR; };
		8B0AB6381FAF7D8A00B43B37 /* Tik_TalkUITests.swift */ = {isa = PBXFileReference; lastKnownFileType = sourcecode.swift; path = Tik_TalkUITests.swift; sourceTree = "<group>"; };
		8B0AB63A1FAF7D8A00B43B37 /* Info.plist */ = {isa = PBXFileReference; lastKnownFileType = text.plist.xml; path = Info.plist; sourceTree = "<group>"; };
		8B0AB6461FAF823700B43B37 /* Post.swift */ = {isa = PBXFileReference; lastKnownFileType = sourcecode.swift; path = Post.swift; sourceTree = "<group>"; };
		8B0AB6481FAF83D000B43B37 /* Helpers.swift */ = {isa = PBXFileReference; lastKnownFileType = sourcecode.swift; path = Helpers.swift; sourceTree = "<group>"; };
		8B2503951FAF91CB00117288 /* User.swift */ = {isa = PBXFileReference; lastKnownFileType = sourcecode.swift; path = User.swift; sourceTree = "<group>"; };
		8B2503971FAF93D800117288 /* Group.swift */ = {isa = PBXFileReference; lastKnownFileType = sourcecode.swift; path = Group.swift; sourceTree = "<group>"; };
		8B4981CE1FC0A956001F6379 /* Firestore.swift */ = {isa = PBXFileReference; lastKnownFileType = sourcecode.swift; path = Firestore.swift; sourceTree = "<group>"; };
		8B4FEED11FC151D4000CFA48 /* AccountViewController.swift */ = {isa = PBXFileReference; lastKnownFileType = sourcecode.swift; path = AccountViewController.swift; sourceTree = "<group>"; };
		8B4FEED31FC2015E000CFA48 /* FriendsViewController.swift */ = {isa = PBXFileReference; lastKnownFileType = sourcecode.swift; path = FriendsViewController.swift; sourceTree = "<group>"; };
		8B4FEED51FC20D6A000CFA48 /* PostsViewController.swift */ = {isa = PBXFileReference; lastKnownFileType = sourcecode.swift; path = PostsViewController.swift; sourceTree = "<group>"; };
		8B4FEED71FC35D52000CFA48 /* Cloud.swift */ = {isa = PBXFileReference; lastKnownFileType = sourcecode.swift; path = Cloud.swift; sourceTree = "<group>"; };
		8B4FEED91FC37713000CFA48 /* Cloud+Posts.swift */ = {isa = PBXFileReference; lastKnownFileType = sourcecode.swift; path = "Cloud+Posts.swift"; sourceTree = "<group>"; };
		8B4FEEDB1FC37741000CFA48 /* Cloud+Users.swift */ = {isa = PBXFileReference; lastKnownFileType = sourcecode.swift; path = "Cloud+Users.swift"; sourceTree = "<group>"; };
		8B4FEEDD1FC3775C000CFA48 /* Cloud+Votes.swift */ = {isa = PBXFileReference; lastKnownFileType = sourcecode.swift; path = "Cloud+Votes.swift"; sourceTree = "<group>"; };
		8B4FEEDF1FC37A8B000CFA48 /* Cloud+Groups.swift */ = {isa = PBXFileReference; lastKnownFileType = sourcecode.swift; path = "Cloud+Groups.swift"; sourceTree = "<group>"; };
		8B86BB431FEADD090077F8CC /* Friend.swift */ = {isa = PBXFileReference; lastKnownFileType = sourcecode.swift; path = Friend.swift; sourceTree = "<group>"; };
		8B86BB451FEB14830077F8CC /* Conversation.swift */ = {isa = PBXFileReference; lastKnownFileType = sourcecode.swift; path = Conversation.swift; sourceTree = "<group>"; };
		8B86BB471FEB16F60077F8CC /* Cloud+Conversation.swift */ = {isa = PBXFileReference; lastKnownFileType = sourcecode.swift; path = "Cloud+Conversation.swift"; sourceTree = "<group>"; };
		8B86BB491FEB19790077F8CC /* Message.swift */ = {isa = PBXFileReference; lastKnownFileType = sourcecode.swift; path = Message.swift; sourceTree = "<group>"; };
		8B86BB4B1FEB1ABB0077F8CC /* Cloud+Messages.swift */ = {isa = PBXFileReference; lastKnownFileType = sourcecode.swift; path = "Cloud+Messages.swift"; sourceTree = "<group>"; };
		8B86BB4D1FEB217A0077F8CC /* ConversationsViewController..swift */ = {isa = PBXFileReference; lastKnownFileType = sourcecode.swift; path = ConversationsViewController..swift; sourceTree = "<group>"; };
		8B86BB4F1FEB34940077F8CC /* MessagesViewController.swift */ = {isa = PBXFileReference; lastKnownFileType = sourcecode.swift; path = MessagesViewController.swift; sourceTree = "<group>"; };
		8B86BB511FEB4FE80077F8CC /* MessageTableViewCell.swift */ = {isa = PBXFileReference; lastKnownFileType = sourcecode.swift; path = MessageTableViewCell.swift; sourceTree = "<group>"; };
		8B86BB531FEC14C30077F8CC /* AddRecipientsViewController.swift */ = {isa = PBXFileReference; lastKnownFileType = sourcecode.swift; path = AddRecipientsViewController.swift; sourceTree = "<group>"; };
		8B9519B01FBA46B700DFEEE4 /* PostTableViewCell.swift */ = {isa = PBXFileReference; lastKnownFileType = sourcecode.swift; path = PostTableViewCell.swift; sourceTree = "<group>"; };
		8B9519B21FBA46DB00DFEEE4 /* PostTableViewCell.xib */ = {isa = PBXFileReference; lastKnownFileType = file.xib; path = PostTableViewCell.xib; sourceTree = "<group>"; };
		8BAFA4551FB7D36F00B4100E /* GoogleService-Info.plist */ = {isa = PBXFileReference; fileEncoding = 4; lastKnownFileType = text.plist.xml; path = "GoogleService-Info.plist"; sourceTree = "<group>"; };
		8BAFA4571FB7DBBE00B4100E /* SignUpViewController.swift */ = {isa = PBXFileReference; lastKnownFileType = sourcecode.swift; path = SignUpViewController.swift; sourceTree = "<group>"; };
		8BB26FB21FC4B2E400492587 /* Model.swift */ = {isa = PBXFileReference; lastKnownFileType = sourcecode.swift; path = Model.swift; sourceTree = "<group>"; };
		8BB26FB71FC4B92A00492587 /* Configuration.swift */ = {isa = PBXFileReference; lastKnownFileType = sourcecode.swift; path = Configuration.swift; sourceTree = "<group>"; };
		8BB3E19C1FEE0898009FB793 /* SignUp.storyboard */ = {isa = PBXFileReference; lastKnownFileType = file.storyboard; path = SignUp.storyboard; sourceTree = "<group>"; };
		8BB3E19E1FEE1113009FB793 /* ProfileUpdateViewController.swift */ = {isa = PBXFileReference; lastKnownFileType = sourcecode.swift; path = ProfileUpdateViewController.swift; sourceTree = "<group>"; };
		8BB3E1A01FEEBE86009FB793 /* SignInViewController.swift */ = {isa = PBXFileReference; lastKnownFileType = sourcecode.swift; path = SignInViewController.swift; sourceTree = "<group>"; };
		8BC0CD4A1FBE338E005DFF36 /* Podfile */ = {isa = PBXFileReference; fileEncoding = 4; lastKnownFileType = text; path = Podfile; sourceTree = "<group>"; xcLanguageSpecificationIdentifier = xcode.lang.ruby; };
		8BEE85941FE975EF00BD30F2 /* Cloud+FriendRequests.swift */ = {isa = PBXFileReference; lastKnownFileType = sourcecode.swift; path = "Cloud+FriendRequests.swift"; sourceTree = "<group>"; };
		8BEE85961FE977C900BD30F2 /* FriendRequest.swift */ = {isa = PBXFileReference; lastKnownFileType = sourcecode.swift; path = FriendRequest.swift; sourceTree = "<group>"; };
		8BF13CDB1FE44ABA00F08854 /* CreateGroupViewController.swift */ = {isa = PBXFileReference; lastKnownFileType = sourcecode.swift; path = CreateGroupViewController.swift; sourceTree = "<group>"; };
		8BF13CDD1FE46EFE00F08854 /* SearchViewController.swift */ = {isa = PBXFileReference; lastKnownFileType = sourcecode.swift; path = SearchViewController.swift; sourceTree = "<group>"; };
		8BF7CD981FB8C11200F90626 /* Storage.swift */ = {isa = PBXFileReference; lastKnownFileType = sourcecode.swift; path = Storage.swift; sourceTree = "<group>"; };
		B127E6280EF3CE491AEA7E4A /* Pods_Tik_TalkTests.framework */ = {isa = PBXFileReference; explicitFileType = wrapper.framework; includeInIndex = 0; path = Pods_Tik_TalkTests.framework; sourceTree = BUILT_PRODUCTS_DIR; };
		BF820D540263B1845E19A8D0 /* Pods-Tik Talk.release.xcconfig */ = {isa = PBXFileReference; includeInIndex = 1; lastKnownFileType = text.xcconfig; name = "Pods-Tik Talk.release.xcconfig"; path = "Pods/Target Support Files/Pods-Tik Talk/Pods-Tik Talk.release.xcconfig"; sourceTree = "<group>"; };
		CC0D0C4CD60EDAA03AF80B6E /* Pods-Tik TalkUITests.release.xcconfig */ = {isa = PBXFileReference; includeInIndex = 1; lastKnownFileType = text.xcconfig; name = "Pods-Tik TalkUITests.release.xcconfig"; path = "Pods/Target Support Files/Pods-Tik TalkUITests/Pods-Tik TalkUITests.release.xcconfig"; sourceTree = "<group>"; };
		CC59A7F1A8B26F34EFA2E60D /* Pods_Tik_Talk.framework */ = {isa = PBXFileReference; explicitFileType = wrapper.framework; includeInIndex = 0; path = Pods_Tik_Talk.framework; sourceTree = BUILT_PRODUCTS_DIR; };
		D5FA3FC41D8829D1BB0F1092 /* Pods-Tik TalkTests.release.xcconfig */ = {isa = PBXFileReference; includeInIndex = 1; lastKnownFileType = text.xcconfig; name = "Pods-Tik TalkTests.release.xcconfig"; path = "Pods/Target Support Files/Pods-Tik TalkTests/Pods-Tik TalkTests.release.xcconfig"; sourceTree = "<group>"; };
		EE5E612CC6DCAFAEC6243941 /* Pods_Tik_TalkUITests.framework */ = {isa = PBXFileReference; explicitFileType = wrapper.framework; includeInIndex = 0; path = Pods_Tik_TalkUITests.framework; sourceTree = BUILT_PRODUCTS_DIR; };
/* End PBXFileReference section */

/* Begin PBXFrameworksBuildPhase section */
		8B0AB6101FAF7D8A00B43B37 /* Frameworks */ = {
			isa = PBXFrameworksBuildPhase;
			buildActionMask = 2147483647;
			files = (
				3B1515AC1772098B23171542 /* Pods_Tik_Talk.framework in Frameworks */,
			);
			runOnlyForDeploymentPostprocessing = 0;
		};
		8B0AB6261FAF7D8A00B43B37 /* Frameworks */ = {
			isa = PBXFrameworksBuildPhase;
			buildActionMask = 2147483647;
			files = (
				F7F6F87729D1C0E74564A224 /* Pods_Tik_TalkTests.framework in Frameworks */,
			);
			runOnlyForDeploymentPostprocessing = 0;
		};
		8B0AB6311FAF7D8A00B43B37 /* Frameworks */ = {
			isa = PBXFrameworksBuildPhase;
			buildActionMask = 2147483647;
			files = (
				65E3C6059CE56AB44B52922F /* Pods_Tik_TalkUITests.framework in Frameworks */,
			);
			runOnlyForDeploymentPostprocessing = 0;
		};
/* End PBXFrameworksBuildPhase section */

/* Begin PBXGroup section */
		635B7DBE1E1E5689CBA68548 /* Pods */ = {
			isa = PBXGroup;
			children = (
				4982F8AFB516734E36F2B19D /* Pods-Tik Talk.debug.xcconfig */,
				BF820D540263B1845E19A8D0 /* Pods-Tik Talk.release.xcconfig */,
				2BD41C9EF36F160DBC9FC68A /* Pods-Tik TalkTests.debug.xcconfig */,
				D5FA3FC41D8829D1BB0F1092 /* Pods-Tik TalkTests.release.xcconfig */,
				11E14CDF9D4E9681B9A54EA6 /* Pods-Tik TalkUITests.debug.xcconfig */,
				CC0D0C4CD60EDAA03AF80B6E /* Pods-Tik TalkUITests.release.xcconfig */,
			);
			name = Pods;
			sourceTree = "<group>";
		};
		6B289F8378686A9017C76FAA /* Frameworks */ = {
			isa = PBXGroup;
			children = (
				CC59A7F1A8B26F34EFA2E60D /* Pods_Tik_Talk.framework */,
				B127E6280EF3CE491AEA7E4A /* Pods_Tik_TalkTests.framework */,
				EE5E612CC6DCAFAEC6243941 /* Pods_Tik_TalkUITests.framework */,
			);
			name = Frameworks;
			sourceTree = "<group>";
		};
		8B0AB60A1FAF7D8A00B43B37 = {
			isa = PBXGroup;
			children = (
				8BC0CD4A1FBE338E005DFF36 /* Podfile */,
				8B0AB6151FAF7D8A00B43B37 /* Tik Talk */,
				8B0AB62C1FAF7D8A00B43B37 /* Tik TalkTests */,
				8B0AB6371FAF7D8A00B43B37 /* Tik TalkUITests */,
				8B0AB6141FAF7D8A00B43B37 /* Products */,
				635B7DBE1E1E5689CBA68548 /* Pods */,
				6B289F8378686A9017C76FAA /* Frameworks */,
			);
			sourceTree = "<group>";
		};
		8B0AB6141FAF7D8A00B43B37 /* Products */ = {
			isa = PBXGroup;
			children = (
				8B0AB6131FAF7D8A00B43B37 /* Tik Talk.app */,
				8B0AB6291FAF7D8A00B43B37 /* Tik TalkTests.xctest */,
				8B0AB6341FAF7D8A00B43B37 /* Tik TalkUITests.xctest */,
			);
			name = Products;
			sourceTree = "<group>";
		};
		8B0AB6151FAF7D8A00B43B37 /* Tik Talk */ = {
			isa = PBXGroup;
			children = (
				8B0AB6161FAF7D8A00B43B37 /* AppDelegate.swift */,
				8BB26FB71FC4B92A00492587 /* Configuration.swift */,
				8BB26FB61FC4B50100492587 /* Firebase */,
				8BB26FB51FC4B4FA00492587 /* Cloud */,
				8B9519B01FBA46B700DFEEE4 /* PostTableViewCell.swift */,
				8B9519B21FBA46DB00DFEEE4 /* PostTableViewCell.xib */,
				8B0AB6181FAF7D8A00B43B37 /* TimelineViewController.swift */,
				8B4FEED51FC20D6A000CFA48 /* PostsViewController.swift */,
				8B0AB61A1FAF7D8A00B43B37 /* CreatePostViewController.swift */,
				8BF13CDB1FE44ABA00F08854 /* CreateGroupViewController.swift */,
				8BF13CDD1FE46EFE00F08854 /* SearchViewController.swift */,
				8B4FEED11FC151D4000CFA48 /* AccountViewController.swift */,
				8BB3E1A01FEEBE86009FB793 /* SignInViewController.swift */,
				8BAFA4571FB7DBBE00B4100E /* SignUpViewController.swift */,
				8BB3E19E1FEE1113009FB793 /* ProfileUpdateViewController.swift */,
				8B4FEED31FC2015E000CFA48 /* FriendsViewController.swift */,
				8B86BB4D1FEB217A0077F8CC /* ConversationsViewController..swift */,
				8B86BB531FEC14C30077F8CC /* AddRecipientsViewController.swift */,
				8B86BB4F1FEB34940077F8CC /* MessagesViewController.swift */,
				8B86BB511FEB4FE80077F8CC /* MessageTableViewCell.swift */,
				8BB26FB41FC4B4E400492587 /* Models */,
				8B0AB6481FAF83D000B43B37 /* Helpers.swift */,
				8B0AB61C1FAF7D8A00B43B37 /* Main.storyboard */,
				8BB3E19C1FEE0898009FB793 /* SignUp.storyboard */,
				8BAFA4551FB7D36F00B4100E /* GoogleService-Info.plist */,
				8B0AB61F1FAF7D8A00B43B37 /* Assets.xcassets */,
				8B0AB6211FAF7D8A00B43B37 /* LaunchScreen.storyboard */,
				8B0AB6241FAF7D8A00B43B37 /* Info.plist */,
			);
			path = "Tik Talk";
			sourceTree = "<group>";
		};
		8B0AB62C1FAF7D8A00B43B37 /* Tik TalkTests */ = {
			isa = PBXGroup;
			children = (
				8B0AB62D1FAF7D8A00B43B37 /* Tik_TalkTests.swift */,
				8B0AB62F1FAF7D8A00B43B37 /* Info.plist */,
			);
			path = "Tik TalkTests";
			sourceTree = "<group>";
		};
		8B0AB6371FAF7D8A00B43B37 /* Tik TalkUITests */ = {
			isa = PBXGroup;
			children = (
				8B0AB6381FAF7D8A00B43B37 /* Tik_TalkUITests.swift */,
				8B0AB63A1FAF7D8A00B43B37 /* Info.plist */,
			);
			path = "Tik TalkUITests";
			sourceTree = "<group>";
		};
		8BB26FB41FC4B4E400492587 /* Models */ = {
			isa = PBXGroup;
			children = (
				8BB26FB21FC4B2E400492587 /* Model.swift */,
				8B0AB6461FAF823700B43B37 /* Post.swift */,
				8B2503971FAF93D800117288 /* Group.swift */,
				8B2503951FAF91CB00117288 /* User.swift */,
				8B86BB431FEADD090077F8CC /* Friend.swift */,
				8BEE85961FE977C900BD30F2 /* FriendRequest.swift */,
				8B86BB451FEB14830077F8CC /* Conversation.swift */,
				8B86BB491FEB19790077F8CC /* Message.swift */,
			);
			path = Models;
			sourceTree = "<group>";
		};
		8BB26FB51FC4B4FA00492587 /* Cloud */ = {
			isa = PBXGroup;
			children = (
				8B4FEED71FC35D52000CFA48 /* Cloud.swift */,
				8B4FEED91FC37713000CFA48 /* Cloud+Posts.swift */,
				8B4FEEDB1FC37741000CFA48 /* Cloud+Users.swift */,
				8B4FEEDD1FC3775C000CFA48 /* Cloud+Votes.swift */,
				8BEE85941FE975EF00BD30F2 /* Cloud+FriendRequests.swift */,
				8B4FEEDF1FC37A8B000CFA48 /* Cloud+Groups.swift */,
				8B86BB471FEB16F60077F8CC /* Cloud+Conversation.swift */,
				8B86BB4B1FEB1ABB0077F8CC /* Cloud+Messages.swift */,
			);
			path = Cloud;
			sourceTree = "<group>";
		};
		8BB26FB61FC4B50100492587 /* Firebase */ = {
			isa = PBXGroup;
			children = (
				8B4981CE1FC0A956001F6379 /* Firestore.swift */,
				8BF7CD981FB8C11200F90626 /* Storage.swift */,
			);
			path = Firebase;
			sourceTree = "<group>";
		};
/* End PBXGroup section */

/* Begin PBXNativeTarget section */
		8B0AB6121FAF7D8A00B43B37 /* Tik Talk */ = {
			isa = PBXNativeTarget;
			buildConfigurationList = 8B0AB63D1FAF7D8A00B43B37 /* Build configuration list for PBXNativeTarget "Tik Talk" */;
			buildPhases = (
				57DB96356B386CA50F428D83 /* [CP] Check Pods Manifest.lock */,
				8B0AB60F1FAF7D8A00B43B37 /* Sources */,
				8B0AB6101FAF7D8A00B43B37 /* Frameworks */,
				8B0AB6111FAF7D8A00B43B37 /* Resources */,
				ED67833BD41A8BCA62C8AB43 /* [CP] Embed Pods Frameworks */,
				1218B2D580A37B6733488B6E /* [CP] Copy Pods Resources */,
			);
			buildRules = (
			);
			dependencies = (
			);
			name = "Tik Talk";
			productName = "Tik Talk";
			productReference = 8B0AB6131FAF7D8A00B43B37 /* Tik Talk.app */;
			productType = "com.apple.product-type.application";
		};
		8B0AB6281FAF7D8A00B43B37 /* Tik TalkTests */ = {
			isa = PBXNativeTarget;
			buildConfigurationList = 8B0AB6401FAF7D8A00B43B37 /* Build configuration list for PBXNativeTarget "Tik TalkTests" */;
			buildPhases = (
				86C815949AF36D86A98BC7D2 /* [CP] Check Pods Manifest.lock */,
				8B0AB6251FAF7D8A00B43B37 /* Sources */,
				8B0AB6261FAF7D8A00B43B37 /* Frameworks */,
				8B0AB6271FAF7D8A00B43B37 /* Resources */,
				879CEBFBEC4E3B91CF37B2E1 /* [CP] Embed Pods Frameworks */,
				400FA6C321FE1EC778285CD7 /* [CP] Copy Pods Resources */,
			);
			buildRules = (
			);
			dependencies = (
				8B0AB62B1FAF7D8A00B43B37 /* PBXTargetDependency */,
			);
			name = "Tik TalkTests";
			productName = "Tik TalkTests";
			productReference = 8B0AB6291FAF7D8A00B43B37 /* Tik TalkTests.xctest */;
			productType = "com.apple.product-type.bundle.unit-test";
		};
		8B0AB6331FAF7D8A00B43B37 /* Tik TalkUITests */ = {
			isa = PBXNativeTarget;
			buildConfigurationList = 8B0AB6431FAF7D8A00B43B37 /* Build configuration list for PBXNativeTarget "Tik TalkUITests" */;
			buildPhases = (
				5DF671055F3CD3B680422FB9 /* [CP] Check Pods Manifest.lock */,
				8B0AB6301FAF7D8A00B43B37 /* Sources */,
				8B0AB6311FAF7D8A00B43B37 /* Frameworks */,
				8B0AB6321FAF7D8A00B43B37 /* Resources */,
				A8E1E0922F4C51CD005D60C7 /* [CP] Embed Pods Frameworks */,
				0C2821208308C3D8E9FF0922 /* [CP] Copy Pods Resources */,
			);
			buildRules = (
			);
			dependencies = (
				8B0AB6361FAF7D8A00B43B37 /* PBXTargetDependency */,
			);
			name = "Tik TalkUITests";
			productName = "Tik TalkUITests";
			productReference = 8B0AB6341FAF7D8A00B43B37 /* Tik TalkUITests.xctest */;
			productType = "com.apple.product-type.bundle.ui-testing";
		};
/* End PBXNativeTarget section */

/* Begin PBXProject section */
		8B0AB60B1FAF7D8A00B43B37 /* Project object */ = {
			isa = PBXProject;
			attributes = {
				LastSwiftUpdateCheck = 0910;
				LastUpgradeCheck = 0910;
				ORGANIZATIONNAME = JwitApps;
				TargetAttributes = {
					8B0AB6121FAF7D8A00B43B37 = {
						CreatedOnToolsVersion = 9.1;
						ProvisioningStyle = Automatic;
					};
					8B0AB6281FAF7D8A00B43B37 = {
						CreatedOnToolsVersion = 9.1;
						ProvisioningStyle = Automatic;
						TestTargetID = 8B0AB6121FAF7D8A00B43B37;
					};
					8B0AB6331FAF7D8A00B43B37 = {
						CreatedOnToolsVersion = 9.1;
						ProvisioningStyle = Automatic;
						TestTargetID = 8B0AB6121FAF7D8A00B43B37;
					};
				};
			};
			buildConfigurationList = 8B0AB60E1FAF7D8A00B43B37 /* Build configuration list for PBXProject "Tik Talk" */;
			compatibilityVersion = "Xcode 8.0";
			developmentRegion = en;
			hasScannedForEncodings = 0;
			knownRegions = (
				en,
				Base,
			);
			mainGroup = 8B0AB60A1FAF7D8A00B43B37;
			productRefGroup = 8B0AB6141FAF7D8A00B43B37 /* Products */;
			projectDirPath = "";
			projectRoot = "";
			targets = (
				8B0AB6121FAF7D8A00B43B37 /* Tik Talk */,
				8B0AB6281FAF7D8A00B43B37 /* Tik TalkTests */,
				8B0AB6331FAF7D8A00B43B37 /* Tik TalkUITests */,
			);
		};
/* End PBXProject section */

/* Begin PBXResourcesBuildPhase section */
		8B0AB6111FAF7D8A00B43B37 /* Resources */ = {
			isa = PBXResourcesBuildPhase;
			buildActionMask = 2147483647;
			files = (
				8BC0CD4B1FBE338E005DFF36 /* Podfile in Resources */,
				8B0AB6231FAF7D8A00B43B37 /* LaunchScreen.storyboard in Resources */,
				8B9519B31FBA46DB00DFEEE4 /* PostTableViewCell.xib in Resources */,
				8BB3E19D1FEE0898009FB793 /* SignUp.storyboard in Resources */,
				8BAFA4561FB7D36F00B4100E /* GoogleService-Info.plist in Resources */,
				8B0AB6201FAF7D8A00B43B37 /* Assets.xcassets in Resources */,
				8B0AB61E1FAF7D8A00B43B37 /* Main.storyboard in Resources */,
			);
			runOnlyForDeploymentPostprocessing = 0;
		};
		8B0AB6271FAF7D8A00B43B37 /* Resources */ = {
			isa = PBXResourcesBuildPhase;
			buildActionMask = 2147483647;
			files = (
			);
			runOnlyForDeploymentPostprocessing = 0;
		};
		8B0AB6321FAF7D8A00B43B37 /* Resources */ = {
			isa = PBXResourcesBuildPhase;
			buildActionMask = 2147483647;
			files = (
			);
			runOnlyForDeploymentPostprocessing = 0;
		};
/* End PBXResourcesBuildPhase section */

/* Begin PBXShellScriptBuildPhase section */
		0C2821208308C3D8E9FF0922 /* [CP] Copy Pods Resources */ = {
			isa = PBXShellScriptBuildPhase;
			buildActionMask = 2147483647;
			files = (
			);
			inputPaths = (
			);
			name = "[CP] Copy Pods Resources";
			outputPaths = (
			);
			runOnlyForDeploymentPostprocessing = 0;
			shellPath = /bin/sh;
			shellScript = "\"${SRCROOT}/Pods/Target Support Files/Pods-Tik TalkUITests/Pods-Tik TalkUITests-resources.sh\"\n";
			showEnvVarsInLog = 0;
		};
		1218B2D580A37B6733488B6E /* [CP] Copy Pods Resources */ = {
			isa = PBXShellScriptBuildPhase;
			buildActionMask = 2147483647;
			files = (
			);
			inputPaths = (
			);
			name = "[CP] Copy Pods Resources";
			outputPaths = (
			);
			runOnlyForDeploymentPostprocessing = 0;
			shellPath = /bin/sh;
			shellScript = "\"${SRCROOT}/Pods/Target Support Files/Pods-Tik Talk/Pods-Tik Talk-resources.sh\"\n";
			showEnvVarsInLog = 0;
		};
		400FA6C321FE1EC778285CD7 /* [CP] Copy Pods Resources */ = {
			isa = PBXShellScriptBuildPhase;
			buildActionMask = 2147483647;
			files = (
			);
			inputPaths = (
			);
			name = "[CP] Copy Pods Resources";
			outputPaths = (
			);
			runOnlyForDeploymentPostprocessing = 0;
			shellPath = /bin/sh;
			shellScript = "\"${SRCROOT}/Pods/Target Support Files/Pods-Tik TalkTests/Pods-Tik TalkTests-resources.sh\"\n";
			showEnvVarsInLog = 0;
		};
		57DB96356B386CA50F428D83 /* [CP] Check Pods Manifest.lock */ = {
			isa = PBXShellScriptBuildPhase;
			buildActionMask = 2147483647;
			files = (
			);
			inputPaths = (
			);
			name = "[CP] Check Pods Manifest.lock";
			outputPaths = (
			);
			runOnlyForDeploymentPostprocessing = 0;
			shellPath = /bin/sh;
			shellScript = "diff \"${PODS_PODFILE_DIR_PATH}/Podfile.lock\" \"${PODS_ROOT}/Manifest.lock\" > /dev/null\nif [ $? != 0 ] ; then\n    # print error to STDERR\n    echo \"error: The sandbox is not in sync with the Podfile.lock. Run 'pod install' or update your CocoaPods installation.\" >&2\n    exit 1\nfi\n";
			showEnvVarsInLog = 0;
		};
		5DF671055F3CD3B680422FB9 /* [CP] Check Pods Manifest.lock */ = {
			isa = PBXShellScriptBuildPhase;
			buildActionMask = 2147483647;
			files = (
			);
			inputPaths = (
			);
			name = "[CP] Check Pods Manifest.lock";
			outputPaths = (
			);
			runOnlyForDeploymentPostprocessing = 0;
			shellPath = /bin/sh;
			shellScript = "diff \"${PODS_PODFILE_DIR_PATH}/Podfile.lock\" \"${PODS_ROOT}/Manifest.lock\" > /dev/null\nif [ $? != 0 ] ; then\n    # print error to STDERR\n    echo \"error: The sandbox is not in sync with the Podfile.lock. Run 'pod install' or update your CocoaPods installation.\" >&2\n    exit 1\nfi\n";
			showEnvVarsInLog = 0;
		};
		86C815949AF36D86A98BC7D2 /* [CP] Check Pods Manifest.lock */ = {
			isa = PBXShellScriptBuildPhase;
			buildActionMask = 2147483647;
			files = (
			);
			inputPaths = (
			);
			name = "[CP] Check Pods Manifest.lock";
			outputPaths = (
			);
			runOnlyForDeploymentPostprocessing = 0;
			shellPath = /bin/sh;
			shellScript = "diff \"${PODS_PODFILE_DIR_PATH}/Podfile.lock\" \"${PODS_ROOT}/Manifest.lock\" > /dev/null\nif [ $? != 0 ] ; then\n    # print error to STDERR\n    echo \"error: The sandbox is not in sync with the Podfile.lock. Run 'pod install' or update your CocoaPods installation.\" >&2\n    exit 1\nfi\n";
			showEnvVarsInLog = 0;
		};
		879CEBFBEC4E3B91CF37B2E1 /* [CP] Embed Pods Frameworks */ = {
			isa = PBXShellScriptBuildPhase;
			buildActionMask = 2147483647;
			files = (
			);
			inputPaths = (
			);
			name = "[CP] Embed Pods Frameworks";
			outputPaths = (
			);
			runOnlyForDeploymentPostprocessing = 0;
			shellPath = /bin/sh;
			shellScript = "\"${SRCROOT}/Pods/Target Support Files/Pods-Tik TalkTests/Pods-Tik TalkTests-frameworks.sh\"\n";
			showEnvVarsInLog = 0;
		};
		A8E1E0922F4C51CD005D60C7 /* [CP] Embed Pods Frameworks */ = {
			isa = PBXShellScriptBuildPhase;
			buildActionMask = 2147483647;
			files = (
			);
			inputPaths = (
			);
			name = "[CP] Embed Pods Frameworks";
			outputPaths = (
			);
			runOnlyForDeploymentPostprocessing = 0;
			shellPath = /bin/sh;
			shellScript = "\"${SRCROOT}/Pods/Target Support Files/Pods-Tik TalkUITests/Pods-Tik TalkUITests-frameworks.sh\"\n";
			showEnvVarsInLog = 0;
		};
		ED67833BD41A8BCA62C8AB43 /* [CP] Embed Pods Frameworks */ = {
			isa = PBXShellScriptBuildPhase;
			buildActionMask = 2147483647;
			files = (
			);
			inputPaths = (
			);
			name = "[CP] Embed Pods Frameworks";
			outputPaths = (
			);
			runOnlyForDeploymentPostprocessing = 0;
			shellPath = /bin/sh;
			shellScript = "\"${SRCROOT}/Pods/Target Support Files/Pods-Tik Talk/Pods-Tik Talk-frameworks.sh\"\n";
			showEnvVarsInLog = 0;
		};
/* End PBXShellScriptBuildPhase section */

/* Begin PBXSourcesBuildPhase section */
		8B0AB60F1FAF7D8A00B43B37 /* Sources */ = {
			isa = PBXSourcesBuildPhase;
			buildActionMask = 2147483647;
			files = (
				8B4FEEDC1FC37741000CFA48 /* Cloud+Users.swift in Sources */,
				8B9519B11FBA46B700DFEEE4 /* PostTableViewCell.swift in Sources */,
				8B4FEEDA1FC37713000CFA48 /* Cloud+Posts.swift in Sources */,
				8B86BB461FEB14830077F8CC /* Conversation.swift in Sources */,
				8B86BB4A1FEB19790077F8CC /* Message.swift in Sources */,
				8B4FEEE01FC37A8B000CFA48 /* Cloud+Groups.swift in Sources */,
				8B2503981FAF93D800117288 /* Group.swift in Sources */,
				8B86BB4C1FEB1ABB0077F8CC /* Cloud+Messages.swift in Sources */,
				8B4FEED21FC151D4000CFA48 /* AccountViewController.swift in Sources */,
				8B0AB61B1FAF7D8A00B43B37 /* CreatePostViewController.swift in Sources */,
				8B4FEED41FC2015E000CFA48 /* FriendsViewController.swift in Sources */,
				8BAFA4581FB7DBBE00B4100E /* SignUpViewController.swift in Sources */,
				8BB26FB81FC4B92A00492587 /* Configuration.swift in Sources */,
				8B86BB4E1FEB217A0077F8CC /* ConversationsViewController..swift in Sources */,
				8B86BB501FEB34940077F8CC /* MessagesViewController.swift in Sources */,
				8B0AB6171FAF7D8A00B43B37 /* AppDelegate.swift in Sources */,
				8BB3E19F1FEE1113009FB793 /* ProfileUpdateViewController.swift in Sources */,
				8B86BB441FEADD090077F8CC /* Friend.swift in Sources */,
				8B4981CF1FC0A956001F6379 /* Firestore.swift in Sources */,
				8BEE85951FE975EF00BD30F2 /* Cloud+FriendRequests.swift in Sources */,
				8B2503961FAF91CB00117288 /* User.swift in Sources */,
				8B4FEED61FC20D6A000CFA48 /* PostsViewController.swift in Sources */,
				8B0AB6191FAF7D8A00B43B37 /* TimelineViewController.swift in Sources */,
				8BEE85971FE977C900BD30F2 /* FriendRequest.swift in Sources */,
				8B0AB6491FAF83D000B43B37 /* Helpers.swift in Sources */,
				8BB26FB31FC4B2E400492587 /* Model.swift in Sources */,
				8B86BB481FEB16F60077F8CC /* Cloud+Conversation.swift in Sources */,
				8B86BB541FEC14C30077F8CC /* AddRecipientsViewController.swift in Sources */,
				8B86BB521FEB4FE80077F8CC /* MessageTableViewCell.swift in Sources */,
				8B0AB6471FAF823700B43B37 /* Post.swift in Sources */,
				8BF13CDE1FE46EFE00F08854 /* SearchViewController.swift in Sources */,
				8B4FEED81FC35D52000CFA48 /* Cloud.swift in Sources */,
				8BB3E1A11FEEBE86009FB793 /* SignInViewController.swift in Sources */,
				8B4FEEDE1FC3775C000CFA48 /* Cloud+Votes.swift in Sources */,
				8BF7CD991FB8C11200F90626 /* Storage.swift in Sources */,
				8BF13CDC1FE44ABA00F08854 /* CreateGroupViewController.swift in Sources */,
			);
			runOnlyForDeploymentPostprocessing = 0;
		};
		8B0AB6251FAF7D8A00B43B37 /* Sources */ = {
			isa = PBXSourcesBuildPhase;
			buildActionMask = 2147483647;
			files = (
				8B0AB62E1FAF7D8A00B43B37 /* Tik_TalkTests.swift in Sources */,
			);
			runOnlyForDeploymentPostprocessing = 0;
		};
		8B0AB6301FAF7D8A00B43B37 /* Sources */ = {
			isa = PBXSourcesBuildPhase;
			buildActionMask = 2147483647;
			files = (
				8B0AB6391FAF7D8A00B43B37 /* Tik_TalkUITests.swift in Sources */,
			);
			runOnlyForDeploymentPostprocessing = 0;
		};
/* End PBXSourcesBuildPhase section */

/* Begin PBXTargetDependency section */
		8B0AB62B1FAF7D8A00B43B37 /* PBXTargetDependency */ = {
			isa = PBXTargetDependency;
			target = 8B0AB6121FAF7D8A00B43B37 /* Tik Talk */;
			targetProxy = 8B0AB62A1FAF7D8A00B43B37 /* PBXContainerItemProxy */;
		};
		8B0AB6361FAF7D8A00B43B37 /* PBXTargetDependency */ = {
			isa = PBXTargetDependency;
			target = 8B0AB6121FAF7D8A00B43B37 /* Tik Talk */;
			targetProxy = 8B0AB6351FAF7D8A00B43B37 /* PBXContainerItemProxy */;
		};
/* End PBXTargetDependency section */

/* Begin PBXVariantGroup section */
		8B0AB61C1FAF7D8A00B43B37 /* Main.storyboard */ = {
			isa = PBXVariantGroup;
			children = (
				8B0AB61D1FAF7D8A00B43B37 /* Base */,
			);
			name = Main.storyboard;
			sourceTree = "<group>";
		};
		8B0AB6211FAF7D8A00B43B37 /* LaunchScreen.storyboard */ = {
			isa = PBXVariantGroup;
			children = (
				8B0AB6221FAF7D8A00B43B37 /* Base */,
			);
			name = LaunchScreen.storyboard;
			sourceTree = "<group>";
		};
/* End PBXVariantGroup section */

/* Begin XCBuildConfiguration section */
		8B0AB63B1FAF7D8A00B43B37 /* Debug */ = {
			isa = XCBuildConfiguration;
			buildSettings = {
				ALWAYS_SEARCH_USER_PATHS = NO;
				CLANG_ANALYZER_NONNULL = YES;
				CLANG_ANALYZER_NUMBER_OBJECT_CONVERSION = YES_AGGRESSIVE;
				CLANG_CXX_LANGUAGE_STANDARD = "gnu++14";
				CLANG_CXX_LIBRARY = "libc++";
				CLANG_ENABLE_MODULES = YES;
				CLANG_ENABLE_OBJC_ARC = YES;
				CLANG_WARN_BLOCK_CAPTURE_AUTORELEASING = YES;
				CLANG_WARN_BOOL_CONVERSION = YES;
				CLANG_WARN_COMMA = YES;
				CLANG_WARN_CONSTANT_CONVERSION = YES;
				CLANG_WARN_DIRECT_OBJC_ISA_USAGE = YES_ERROR;
				CLANG_WARN_DOCUMENTATION_COMMENTS = YES;
				CLANG_WARN_EMPTY_BODY = YES;
				CLANG_WARN_ENUM_CONVERSION = YES;
				CLANG_WARN_INFINITE_RECURSION = YES;
				CLANG_WARN_INT_CONVERSION = YES;
				CLANG_WARN_NON_LITERAL_NULL_CONVERSION = YES;
				CLANG_WARN_OBJC_LITERAL_CONVERSION = YES;
				CLANG_WARN_OBJC_ROOT_CLASS = YES_ERROR;
				CLANG_WARN_RANGE_LOOP_ANALYSIS = YES;
				CLANG_WARN_STRICT_PROTOTYPES = YES;
				CLANG_WARN_SUSPICIOUS_MOVE = YES;
				CLANG_WARN_UNGUARDED_AVAILABILITY = YES_AGGRESSIVE;
				CLANG_WARN_UNREACHABLE_CODE = YES;
				CLANG_WARN__DUPLICATE_METHOD_MATCH = YES;
				CODE_SIGN_IDENTITY = "iPhone Developer";
				COPY_PHASE_STRIP = NO;
				DEBUG_INFORMATION_FORMAT = dwarf;
				ENABLE_STRICT_OBJC_MSGSEND = YES;
				ENABLE_TESTABILITY = YES;
				GCC_C_LANGUAGE_STANDARD = gnu11;
				GCC_DYNAMIC_NO_PIC = NO;
				GCC_NO_COMMON_BLOCKS = YES;
				GCC_OPTIMIZATION_LEVEL = 0;
				GCC_PREPROCESSOR_DEFINITIONS = (
					"DEBUG=1",
					"$(inherited)",
				);
				GCC_WARN_64_TO_32_BIT_CONVERSION = YES;
				GCC_WARN_ABOUT_RETURN_TYPE = YES_ERROR;
				GCC_WARN_UNDECLARED_SELECTOR = YES;
				GCC_WARN_UNINITIALIZED_AUTOS = YES_AGGRESSIVE;
				GCC_WARN_UNUSED_FUNCTION = YES;
				GCC_WARN_UNUSED_VARIABLE = YES;
				IPHONEOS_DEPLOYMENT_TARGET = 11.1;
				MTL_ENABLE_DEBUG_INFO = YES;
				ONLY_ACTIVE_ARCH = YES;
				SDKROOT = iphoneos;
				SWIFT_ACTIVE_COMPILATION_CONDITIONS = DEBUG;
				SWIFT_OPTIMIZATION_LEVEL = "-Onone";
			};
			name = Debug;
		};
		8B0AB63C1FAF7D8A00B43B37 /* Release */ = {
			isa = XCBuildConfiguration;
			buildSettings = {
				ALWAYS_SEARCH_USER_PATHS = NO;
				CLANG_ANALYZER_NONNULL = YES;
				CLANG_ANALYZER_NUMBER_OBJECT_CONVERSION = YES_AGGRESSIVE;
				CLANG_CXX_LANGUAGE_STANDARD = "gnu++14";
				CLANG_CXX_LIBRARY = "libc++";
				CLANG_ENABLE_MODULES = YES;
				CLANG_ENABLE_OBJC_ARC = YES;
				CLANG_WARN_BLOCK_CAPTURE_AUTORELEASING = YES;
				CLANG_WARN_BOOL_CONVERSION = YES;
				CLANG_WARN_COMMA = YES;
				CLANG_WARN_CONSTANT_CONVERSION = YES;
				CLANG_WARN_DIRECT_OBJC_ISA_USAGE = YES_ERROR;
				CLANG_WARN_DOCUMENTATION_COMMENTS = YES;
				CLANG_WARN_EMPTY_BODY = YES;
				CLANG_WARN_ENUM_CONVERSION = YES;
				CLANG_WARN_INFINITE_RECURSION = YES;
				CLANG_WARN_INT_CONVERSION = YES;
				CLANG_WARN_NON_LITERAL_NULL_CONVERSION = YES;
				CLANG_WARN_OBJC_LITERAL_CONVERSION = YES;
				CLANG_WARN_OBJC_ROOT_CLASS = YES_ERROR;
				CLANG_WARN_RANGE_LOOP_ANALYSIS = YES;
				CLANG_WARN_STRICT_PROTOTYPES = YES;
				CLANG_WARN_SUSPICIOUS_MOVE = YES;
				CLANG_WARN_UNGUARDED_AVAILABILITY = YES_AGGRESSIVE;
				CLANG_WARN_UNREACHABLE_CODE = YES;
				CLANG_WARN__DUPLICATE_METHOD_MATCH = YES;
				CODE_SIGN_IDENTITY = "iPhone Developer";
				COPY_PHASE_STRIP = NO;
				DEBUG_INFORMATION_FORMAT = "dwarf-with-dsym";
				ENABLE_NS_ASSERTIONS = NO;
				ENABLE_STRICT_OBJC_MSGSEND = YES;
				GCC_C_LANGUAGE_STANDARD = gnu11;
				GCC_NO_COMMON_BLOCKS = YES;
				GCC_WARN_64_TO_32_BIT_CONVERSION = YES;
				GCC_WARN_ABOUT_RETURN_TYPE = YES_ERROR;
				GCC_WARN_UNDECLARED_SELECTOR = YES;
				GCC_WARN_UNINITIALIZED_AUTOS = YES_AGGRESSIVE;
				GCC_WARN_UNUSED_FUNCTION = YES;
				GCC_WARN_UNUSED_VARIABLE = YES;
				IPHONEOS_DEPLOYMENT_TARGET = 11.1;
				MTL_ENABLE_DEBUG_INFO = NO;
				SDKROOT = iphoneos;
				SWIFT_OPTIMIZATION_LEVEL = "-Owholemodule";
				VALIDATE_PRODUCT = YES;
			};
			name = Release;
		};
		8B0AB63E1FAF7D8A00B43B37 /* Debug */ = {
			isa = XCBuildConfiguration;
			baseConfigurationReference = 4982F8AFB516734E36F2B19D /* Pods-Tik Talk.debug.xcconfig */;
			buildSettings = {
				ASSETCATALOG_COMPILER_APPICON_NAME = AppIcon;
				CODE_SIGN_STYLE = Automatic;
				DEVELOPMENT_TEAM = 349WFX4WJR;
				INFOPLIST_FILE = "Tik Talk/Info.plist";
				LD_RUNPATH_SEARCH_PATHS = "$(inherited) @executable_path/Frameworks";
				PRODUCT_BUNDLE_IDENTIFIER = "com.jwitapps.Tik-Talk";
				PRODUCT_NAME = "$(TARGET_NAME)";
				SWIFT_VERSION = 4.0;
				TARGETED_DEVICE_FAMILY = "1,2";
			};
			name = Debug;
		};
		8B0AB63F1FAF7D8A00B43B37 /* Release */ = {
			isa = XCBuildConfiguration;
			baseConfigurationReference = BF820D540263B1845E19A8D0 /* Pods-Tik Talk.release.xcconfig */;
			buildSettings = {
				ASSETCATALOG_COMPILER_APPICON_NAME = AppIcon;
				CODE_SIGN_STYLE = Automatic;
				DEVELOPMENT_TEAM = 349WFX4WJR;
				INFOPLIST_FILE = "Tik Talk/Info.plist";
				LD_RUNPATH_SEARCH_PATHS = "$(inherited) @executable_path/Frameworks";
				PRODUCT_BUNDLE_IDENTIFIER = "com.jwitapps.Tik-Talk";
				PRODUCT_NAME = "$(TARGET_NAME)";
				SWIFT_VERSION = 4.0;
				TARGETED_DEVICE_FAMILY = "1,2";
			};
			name = Release;
		};
		8B0AB6411FAF7D8A00B43B37 /* Debug */ = {
			isa = XCBuildConfiguration;
			baseConfigurationReference = 2BD41C9EF36F160DBC9FC68A /* Pods-Tik TalkTests.debug.xcconfig */;
			buildSettings = {
				ALWAYS_EMBED_SWIFT_STANDARD_LIBRARIES = YES;
				BUNDLE_LOADER = "$(TEST_HOST)";
				CODE_SIGN_STYLE = Automatic;
				DEVELOPMENT_TEAM = 349WFX4WJR;
				INFOPLIST_FILE = "Tik TalkTests/Info.plist";
				LD_RUNPATH_SEARCH_PATHS = "$(inherited) @executable_path/Frameworks @loader_path/Frameworks";
				PRODUCT_BUNDLE_IDENTIFIER = "com.jwitapps.Tik-TalkTests";
				PRODUCT_NAME = "$(TARGET_NAME)";
				SWIFT_VERSION = 4.0;
				TARGETED_DEVICE_FAMILY = "1,2";
				TEST_HOST = "$(BUILT_PRODUCTS_DIR)/Tik Talk.app/Tik Talk";
			};
			name = Debug;
		};
		8B0AB6421FAF7D8A00B43B37 /* Release */ = {
			isa = XCBuildConfiguration;
			baseConfigurationReference = D5FA3FC41D8829D1BB0F1092 /* Pods-Tik TalkTests.release.xcconfig */;
			buildSettings = {
				ALWAYS_EMBED_SWIFT_STANDARD_LIBRARIES = YES;
				BUNDLE_LOADER = "$(TEST_HOST)";
				CODE_SIGN_STYLE = Automatic;
				DEVELOPMENT_TEAM = 349WFX4WJR;
				INFOPLIST_FILE = "Tik TalkTests/Info.plist";
				LD_RUNPATH_SEARCH_PATHS = "$(inherited) @executable_path/Frameworks @loader_path/Frameworks";
				PRODUCT_BUNDLE_IDENTIFIER = "com.jwitapps.Tik-TalkTests";
				PRODUCT_NAME = "$(TARGET_NAME)";
				SWIFT_VERSION = 4.0;
				TARGETED_DEVICE_FAMILY = "1,2";
				TEST_HOST = "$(BUILT_PRODUCTS_DIR)/Tik Talk.app/Tik Talk";
			};
			name = Release;
		};
		8B0AB6441FAF7D8A00B43B37 /* Debug */ = {
			isa = XCBuildConfiguration;
			baseConfigurationReference = 11E14CDF9D4E9681B9A54EA6 /* Pods-Tik TalkUITests.debug.xcconfig */;
			buildSettings = {
				ALWAYS_EMBED_SWIFT_STANDARD_LIBRARIES = YES;
				CODE_SIGN_STYLE = Automatic;
				DEVELOPMENT_TEAM = 349WFX4WJR;
				INFOPLIST_FILE = "Tik TalkUITests/Info.plist";
				LD_RUNPATH_SEARCH_PATHS = "$(inherited) @executable_path/Frameworks @loader_path/Frameworks";
				PRODUCT_BUNDLE_IDENTIFIER = "com.jwitapps.Tik-TalkUITests";
				PRODUCT_NAME = "$(TARGET_NAME)";
				SWIFT_VERSION = 4.0;
				TARGETED_DEVICE_FAMILY = "1,2";
				TEST_TARGET_NAME = "Tik Talk";
			};
			name = Debug;
		};
		8B0AB6451FAF7D8A00B43B37 /* Release */ = {
			isa = XCBuildConfiguration;
			baseConfigurationReference = CC0D0C4CD60EDAA03AF80B6E /* Pods-Tik TalkUITests.release.xcconfig */;
			buildSettings = {
				ALWAYS_EMBED_SWIFT_STANDARD_LIBRARIES = YES;
				CODE_SIGN_STYLE = Automatic;
				DEVELOPMENT_TEAM = 349WFX4WJR;
				INFOPLIST_FILE = "Tik TalkUITests/Info.plist";
				LD_RUNPATH_SEARCH_PATHS = "$(inherited) @executable_path/Frameworks @loader_path/Frameworks";
				PRODUCT_BUNDLE_IDENTIFIER = "com.jwitapps.Tik-TalkUITests";
				PRODUCT_NAME = "$(TARGET_NAME)";
				SWIFT_VERSION = 4.0;
				TARGETED_DEVICE_FAMILY = "1,2";
				TEST_TARGET_NAME = "Tik Talk";
			};
			name = Release;
		};
/* End XCBuildConfiguration section */

/* Begin XCConfigurationList section */
		8B0AB60E1FAF7D8A00B43B37 /* Build configuration list for PBXProject "Tik Talk" */ = {
			isa = XCConfigurationList;
			buildConfigurations = (
				8B0AB63B1FAF7D8A00B43B37 /* Debug */,
				8B0AB63C1FAF7D8A00B43B37 /* Release */,
			);
			defaultConfigurationIsVisible = 0;
			defaultConfigurationName = Release;
		};
		8B0AB63D1FAF7D8A00B43B37 /* Build configuration list for PBXNativeTarget "Tik Talk" */ = {
			isa = XCConfigurationList;
			buildConfigurations = (
				8B0AB63E1FAF7D8A00B43B37 /* Debug */,
				8B0AB63F1FAF7D8A00B43B37 /* Release */,
			);
			defaultConfigurationIsVisible = 0;
			defaultConfigurationName = Release;
		};
		8B0AB6401FAF7D8A00B43B37 /* Build configuration list for PBXNativeTarget "Tik TalkTests" */ = {
			isa = XCConfigurationList;
			buildConfigurations = (
				8B0AB6411FAF7D8A00B43B37 /* Debug */,
				8B0AB6421FAF7D8A00B43B37 /* Release */,
			);
			defaultConfigurationIsVisible = 0;
			defaultConfigurationName = Release;
		};
		8B0AB6431FAF7D8A00B43B37 /* Build configuration list for PBXNativeTarget "Tik TalkUITests" */ = {
			isa = XCConfigurationList;
			buildConfigurations = (
				8B0AB6441FAF7D8A00B43B37 /* Debug */,
				8B0AB6451FAF7D8A00B43B37 /* Release */,
			);
			defaultConfigurationIsVisible = 0;
			defaultConfigurationName = Release;
		};
/* End XCConfigurationList section */
	};
	rootObject = 8B0AB60B1FAF7D8A00B43B37 /* Project object */;
}
